// !$*UTF8*$!
{
	archiveVersion = 1;
	classes = {
	};
	objectVersion = 52;
	objects = {

/* Begin PBXBuildFile section */
		D306D3EE26EB95E500D3290A /* CommentViewModel.swift in Sources */ = {isa = PBXBuildFile; fileRef = D306D3ED26EB95E500D3290A /* CommentViewModel.swift */; };
		D306D3F026EB95F500D3290A /* CommentCellViewModel.swift in Sources */ = {isa = PBXBuildFile; fileRef = D306D3EF26EB95F500D3290A /* CommentCellViewModel.swift */; };
		D30945532683D79D00353B20 /* NotifyView.swift in Sources */ = {isa = PBXBuildFile; fileRef = D30945522683D79D00353B20 /* NotifyView.swift */; };
		D30BCACA267BF28600D10BEE /* ImagePicker.swift in Sources */ = {isa = PBXBuildFile; fileRef = D30BCAC9267BF28600D10BEE /* ImagePicker.swift */; };
		D316C94426F8CE9A00063150 /* DesignMeasures.swift in Sources */ = {isa = PBXBuildFile; fileRef = D316C94326F8CE9A00063150 /* DesignMeasures.swift */; };
		D320DB7726AB705C0003BEE1 /* UserRepository.swift in Sources */ = {isa = PBXBuildFile; fileRef = D320DB7626AB705C0003BEE1 /* UserRepository.swift */; };
		D320DB7926AB73C90003BEE1 /* UserViewModel.swift in Sources */ = {isa = PBXBuildFile; fileRef = D320DB7826AB73C90003BEE1 /* UserViewModel.swift */; };
		D320DB7B26AB77560003BEE1 /* UserCellViewModel.swift in Sources */ = {isa = PBXBuildFile; fileRef = D320DB7A26AB77560003BEE1 /* UserCellViewModel.swift */; };
		D32667532728B2A500D969FD /* Place.swift in Sources */ = {isa = PBXBuildFile; fileRef = D32667522728B2A500D969FD /* Place.swift */; };
		D328A3FA27036ACA001754CC /* CarrouselPictures.swift in Sources */ = {isa = PBXBuildFile; fileRef = D328A3F927036ACA001754CC /* CarrouselPictures.swift */; };
		D3299E1126D4439700E025B5 /* Chat.swift in Sources */ = {isa = PBXBuildFile; fileRef = D3299E1026D4439700E025B5 /* Chat.swift */; };
		D3299E1326D4496200E025B5 /* MenuPopUp.swift in Sources */ = {isa = PBXBuildFile; fileRef = D3299E1226D4496200E025B5 /* MenuPopUp.swift */; };
		D32B53EF26822986001C66F8 /* StoryCellView.swift in Sources */ = {isa = PBXBuildFile; fileRef = D32B53EE26822986001C66F8 /* StoryCellView.swift */; };
		D32B53F126822996001C66F8 /* MessageCellView.swift in Sources */ = {isa = PBXBuildFile; fileRef = D32B53F026822996001C66F8 /* MessageCellView.swift */; };
		D32B53F426825B32001C66F8 /* DesignTypo.swift in Sources */ = {isa = PBXBuildFile; fileRef = D32B53F326825B32001C66F8 /* DesignTypo.swift */; };
		D32B53F62682615B001C66F8 /* DesignButtons.swift in Sources */ = {isa = PBXBuildFile; fileRef = D32B53F52682615B001C66F8 /* DesignButtons.swift */; };
		D32B53F926827BC8001C66F8 /* User.swift in Sources */ = {isa = PBXBuildFile; fileRef = D32B53F826827BC8001C66F8 /* User.swift */; };
		D32B53FB26827F04001C66F8 /* Story.swift in Sources */ = {isa = PBXBuildFile; fileRef = D32B53FA26827F04001C66F8 /* Story.swift */; };
		D32B53FD26827FF8001C66F8 /* Message.swift in Sources */ = {isa = PBXBuildFile; fileRef = D32B53FC26827FF8001C66F8 /* Message.swift */; };
		D331C9E326F3A5AC003CE106 /* CounterHelpers.swift in Sources */ = {isa = PBXBuildFile; fileRef = D331C9E226F3A5AC003CE106 /* CounterHelpers.swift */; };
		D331C9E526F3A8D5003CE106 /* StoryHelpersView.swift in Sources */ = {isa = PBXBuildFile; fileRef = D331C9E426F3A8D5003CE106 /* StoryHelpersView.swift */; };
		D332C77E267AA12200F22655 /* DesignImages.swift in Sources */ = {isa = PBXBuildFile; fileRef = D332C77D267AA12200F22655 /* DesignImages.swift */; };
		D332C780267AA66000F22655 /* HomeMapView.swift in Sources */ = {isa = PBXBuildFile; fileRef = D332C77F267AA66000F22655 /* HomeMapView.swift */; };
		D332C783267AA6E500F22655 /* MapView.swift in Sources */ = {isa = PBXBuildFile; fileRef = D332C782267AA6E500F22655 /* MapView.swift */; };
		D332C789267AAA0600F22655 /* LocationManager.swift in Sources */ = {isa = PBXBuildFile; fileRef = D332C788267AAA0600F22655 /* LocationManager.swift */; };
		D339A3EE269F76FE0041F4B0 /* SelectorSection.swift in Sources */ = {isa = PBXBuildFile; fileRef = D339A3ED269F76FE0041F4B0 /* SelectorSection.swift */; };
		D346E2C226F0E9DA008C6F25 /* TabBar.swift in Sources */ = {isa = PBXBuildFile; fileRef = D346E2C126F0E9DA008C6F25 /* TabBar.swift */; };
		D34A41DA26CC4EB500C8A61F /* ChatTextField.swift in Sources */ = {isa = PBXBuildFile; fileRef = D34A41D926CC4EB500C8A61F /* ChatTextField.swift */; };
		D34A41DC26CC4F4300C8A61F /* StoryProgress.swift in Sources */ = {isa = PBXBuildFile; fileRef = D34A41DB26CC4F4300C8A61F /* StoryProgress.swift */; };
		D34BA82C2680C5860084097F /* CreateStoryView.swift in Sources */ = {isa = PBXBuildFile; fileRef = D34BA82B2680C5860084097F /* CreateStoryView.swift */; };
		D34BA8302680DE330084097F /* TextView.swift in Sources */ = {isa = PBXBuildFile; fileRef = D34BA82F2680DE330084097F /* TextView.swift */; };
		D34EC19F26BD97AE002A9D20 /* ChangeEmailView.swift in Sources */ = {isa = PBXBuildFile; fileRef = D34EC19E26BD97AE002A9D20 /* ChangeEmailView.swift */; };
		D357238326EAAFDB00D319B2 /* CommentCellView.swift in Sources */ = {isa = PBXBuildFile; fileRef = D357238226EAAFDB00D319B2 /* CommentCellView.swift */; };
		D359F7A3267CD267008C9933 /* ProfileView.swift in Sources */ = {isa = PBXBuildFile; fileRef = D359F7A2267CD267008C9933 /* ProfileView.swift */; };
		D35A82B226CD6399004FF7DC /* MessageCellViewModel.swift in Sources */ = {isa = PBXBuildFile; fileRef = D35A82B126CD6399004FF7DC /* MessageCellViewModel.swift */; };
		D35A82B426CD6753004FF7DC /* MessageViewModel.swift in Sources */ = {isa = PBXBuildFile; fileRef = D35A82B326CD6753004FF7DC /* MessageViewModel.swift */; };
		D362674526AEF14100865E74 /* StoryViewModel.swift in Sources */ = {isa = PBXBuildFile; fileRef = D362674426AEF14100865E74 /* StoryViewModel.swift */; };
		D362674726AEF1D700865E74 /* StoryCellViewModel.swift in Sources */ = {isa = PBXBuildFile; fileRef = D362674626AEF1D700865E74 /* StoryCellViewModel.swift */; };
		D371B01F26A082F80097F8F2 /* MapActiveView.swift in Sources */ = {isa = PBXBuildFile; fileRef = D371B01E26A082F80097F8F2 /* MapActiveView.swift */; };
		D37F986326D981C500FFAE14 /* SkeletonView.swift in Sources */ = {isa = PBXBuildFile; fileRef = D37F986226D981C500FFAE14 /* SkeletonView.swift */; };
		D37FB40426C439C100499E93 /* HelpersExtensions.swift in Sources */ = {isa = PBXBuildFile; fileRef = D37FB40326C439C100499E93 /* HelpersExtensions.swift */; };
		D37FB40626C557F300499E93 /* HeaderView.swift in Sources */ = {isa = PBXBuildFile; fileRef = D37FB40526C557F300499E93 /* HeaderView.swift */; };
		D37FB40826C568FB00499E93 /* CustomHeader.swift in Sources */ = {isa = PBXBuildFile; fileRef = D37FB40726C568FB00499E93 /* CustomHeader.swift */; };
		D37FB40A26C70DAC00499E93 /* MessagesView.swift in Sources */ = {isa = PBXBuildFile; fileRef = D37FB40926C70DAC00499E93 /* MessagesView.swift */; };
		D37FB40C26C71A0700499E93 /* MessageRepository.swift in Sources */ = {isa = PBXBuildFile; fileRef = D37FB40B26C71A0700499E93 /* MessageRepository.swift */; };
		D38796072695E763000B19FF /* DropDownView.swift in Sources */ = {isa = PBXBuildFile; fileRef = D38796062695E763000B19FF /* DropDownView.swift */; };
		D387960926961520000B19FF /* LocationInfoView.swift in Sources */ = {isa = PBXBuildFile; fileRef = D387960826961520000B19FF /* LocationInfoView.swift */; };
		D38C68CF26E69AAA0037DA55 /* StoryCell.swift in Sources */ = {isa = PBXBuildFile; fileRef = D38C68CE26E69AAA0037DA55 /* StoryCell.swift */; };
		D390134D26E16A8C00A626D3 /* DBInteract.swift in Sources */ = {isa = PBXBuildFile; fileRef = D390134C26E16A8C00A626D3 /* DBInteract.swift */; };
		D3918F78267D36ED00DC4BA8 /* BackShapeView.swift in Sources */ = {isa = PBXBuildFile; fileRef = D3918F77267D36ED00DC4BA8 /* BackShapeView.swift */; };
		D39B5EFC268A0251003F097E /* GoogleService-Info.plist in Resources */ = {isa = PBXBuildFile; fileRef = D39B5EFB268A0251003F097E /* GoogleService-Info.plist */; };
		D39B5EFF268A0516003F097E /* FirebaseFirestore in Frameworks */ = {isa = PBXBuildFile; productRef = D39B5EFE268A0516003F097E /* FirebaseFirestore */; };
		D39B5F01268A0516003F097E /* FirebaseFirestoreSwift-Beta in Frameworks */ = {isa = PBXBuildFile; productRef = D39B5F00268A0516003F097E /* FirebaseFirestoreSwift-Beta */; };
		D39B5F03268A0516003F097E /* FirebaseAnalyticsSwift-Beta in Frameworks */ = {isa = PBXBuildFile; productRef = D39B5F02268A0516003F097E /* FirebaseAnalyticsSwift-Beta */; };
		D39B5F05268A0516003F097E /* FirebaseAnalytics in Frameworks */ = {isa = PBXBuildFile; productRef = D39B5F04268A0516003F097E /* FirebaseAnalytics */; };
		D39B5F07268A0516003F097E /* FirebaseStorageSwift-Beta in Frameworks */ = {isa = PBXBuildFile; productRef = D39B5F06268A0516003F097E /* FirebaseStorageSwift-Beta */; };
		D39B5F09268A0516003F097E /* FirebaseStorage in Frameworks */ = {isa = PBXBuildFile; productRef = D39B5F08268A0516003F097E /* FirebaseStorage */; };
		D39B5F0B268A0516003F097E /* FirebaseAuth in Frameworks */ = {isa = PBXBuildFile; productRef = D39B5F0A268A0516003F097E /* FirebaseAuth */; };
		D39C88A6267942DA0087FEA8 /* RescuePetsApp.swift in Sources */ = {isa = PBXBuildFile; fileRef = D39C88A5267942DA0087FEA8 /* RescuePetsApp.swift */; };
		D39C88A8267942DA0087FEA8 /* ContentView.swift in Sources */ = {isa = PBXBuildFile; fileRef = D39C88A7267942DA0087FEA8 /* ContentView.swift */; };
		D39C88AA267942DB0087FEA8 /* Assets.xcassets in Resources */ = {isa = PBXBuildFile; fileRef = D39C88A9267942DB0087FEA8 /* Assets.xcassets */; };
		D39C88AD267942DB0087FEA8 /* Preview Assets.xcassets in Resources */ = {isa = PBXBuildFile; fileRef = D39C88AC267942DB0087FEA8 /* Preview Assets.xcassets */; };
		D39C88B8267942DB0087FEA8 /* RescuePetsTests.swift in Sources */ = {isa = PBXBuildFile; fileRef = D39C88B7267942DB0087FEA8 /* RescuePetsTests.swift */; };
		D39C88C3267942DC0087FEA8 /* RescuePetsUITests.swift in Sources */ = {isa = PBXBuildFile; fileRef = D39C88C2267942DC0087FEA8 /* RescuePetsUITests.swift */; };
		D3A4F20426B04EF30082D01E /* DraggableView.swift in Sources */ = {isa = PBXBuildFile; fileRef = D3A4F20326B04EF30082D01E /* DraggableView.swift */; };
		D3A5830826C315950041E2E3 /* CustomAlertView.swift in Sources */ = {isa = PBXBuildFile; fileRef = D3A5830726C315950041E2E3 /* CustomAlertView.swift */; };
		D3A6EF36268CFF03000D3636 /* ChatCellInvited.swift in Sources */ = {isa = PBXBuildFile; fileRef = D3A6EF35268CFF03000D3636 /* ChatCellInvited.swift */; };
		D3A6EF38268D0866000D3636 /* SignViewModel.swift in Sources */ = {isa = PBXBuildFile; fileRef = D3A6EF37268D0866000D3636 /* SignViewModel.swift */; };
		D3ACB6DE269DE17D00826947 /* SDWebImageSwiftUI in Frameworks */ = {isa = PBXBuildFile; productRef = D3ACB6DD269DE17D00826947 /* SDWebImageSwiftUI */; };
		D3ADB35E27075B9600741CA8 /* StoriesListView.swift in Sources */ = {isa = PBXBuildFile; fileRef = D3ADB35D27075B9600741CA8 /* StoriesListView.swift */; };
		D3B4ABBA26D597640052A620 /* ChatRepository.swift in Sources */ = {isa = PBXBuildFile; fileRef = D3B4ABB926D597640052A620 /* ChatRepository.swift */; };
		D3B4ABBC26D5984D0052A620 /* ChatViewModel.swift in Sources */ = {isa = PBXBuildFile; fileRef = D3B4ABBB26D5984D0052A620 /* ChatViewModel.swift */; };
		D3B4ABBE26D598AB0052A620 /* ChatCellViewModel.swift in Sources */ = {isa = PBXBuildFile; fileRef = D3B4ABBD26D598AB0052A620 /* ChatCellViewModel.swift */; };
		D3BA7DC526F53418004FB156 /* HelperCellView.swift in Sources */ = {isa = PBXBuildFile; fileRef = D3BA7DC426F53418004FB156 /* HelperCellView.swift */; };
		D3C23E9E26AC73EC00E46675 /* EmptyStateHome.swift in Sources */ = {isa = PBXBuildFile; fileRef = D3C23E9D26AC73EC00E46675 /* EmptyStateHome.swift */; };
		D3C23EA026AC744A00E46675 /* ImageSelected.swift in Sources */ = {isa = PBXBuildFile; fileRef = D3C23E9F26AC744A00E46675 /* ImageSelected.swift */; };
		D3C23EA226AC767000E46675 /* StoryDataRepository.swift in Sources */ = {isa = PBXBuildFile; fileRef = D3C23EA126AC767000E46675 /* StoryDataRepository.swift */; };
		D3C45BF92684C4EF00DFA358 /* EditProfileView.swift in Sources */ = {isa = PBXBuildFile; fileRef = D3C45BF82684C4EF00DFA358 /* EditProfileView.swift */; };
		D3C45BFB2684C8ED00DFA358 /* ChangePasswordView.swift in Sources */ = {isa = PBXBuildFile; fileRef = D3C45BFA2684C8ED00DFA358 /* ChangePasswordView.swift */; };
		D3C45BFD2684EA1E00DFA358 /* ChatMessagesView.swift in Sources */ = {isa = PBXBuildFile; fileRef = D3C45BFC2684EA1E00DFA358 /* ChatMessagesView.swift */; };
		D3C45BFF2684ED1200DFA358 /* ActiveDetailView.swift in Sources */ = {isa = PBXBuildFile; fileRef = D3C45BFE2684ED1200DFA358 /* ActiveDetailView.swift */; };
		D3C45C0126850C6900DFA358 /* ChatCellOwner.swift in Sources */ = {isa = PBXBuildFile; fileRef = D3C45C0026850C6900DFA358 /* ChatCellOwner.swift */; };
		D3C45C03268526D300DFA358 /* KeyboardHandler.swift in Sources */ = {isa = PBXBuildFile; fileRef = D3C45C02268526D300DFA358 /* KeyboardHandler.swift */; };
		D3CA01962722F61600A288A3 /* TabBarItem.swift in Sources */ = {isa = PBXBuildFile; fileRef = D3CA01952722F61600A288A3 /* TabBarItem.swift */; };
		D3CA01982722F64500A288A3 /* CustomTabBarView.swift in Sources */ = {isa = PBXBuildFile; fileRef = D3CA01972722F64500A288A3 /* CustomTabBarView.swift */; };
		D3CA019A2722F68600A288A3 /* TabBarItemsPreferenceKey.swift in Sources */ = {isa = PBXBuildFile; fileRef = D3CA01992722F68600A288A3 /* TabBarItemsPreferenceKey.swift */; };
		D3CA019C2722F6BB00A288A3 /* CustomTabBarContainerView.swift in Sources */ = {isa = PBXBuildFile; fileRef = D3CA019B2722F6BB00A288A3 /* CustomTabBarContainerView.swift */; };
		D3CA019E2722F6F400A288A3 /* AppTabBarView.swift in Sources */ = {isa = PBXBuildFile; fileRef = D3CA019D2722F6F400A288A3 /* AppTabBarView.swift */; };
		D3CA01A2272317DC00A288A3 /* TopBarItem.swift in Sources */ = {isa = PBXBuildFile; fileRef = D3CA01A1272317DB00A288A3 /* TopBarItem.swift */; };
		D3CA01A4272318A000A288A3 /* CustomTopBarView.swift in Sources */ = {isa = PBXBuildFile; fileRef = D3CA01A3272318A000A288A3 /* CustomTopBarView.swift */; };
		D3CA01A627231AEB00A288A3 /* TopBarItemsPreferenceKey.swift in Sources */ = {isa = PBXBuildFile; fileRef = D3CA01A527231AEB00A288A3 /* TopBarItemsPreferenceKey.swift */; };
		D3CA01A827231BA600A288A3 /* CustomTopBarContainerView.swift in Sources */ = {isa = PBXBuildFile; fileRef = D3CA01A727231BA600A288A3 /* CustomTopBarContainerView.swift */; };
		D3CA01AA27231CFA00A288A3 /* AppTopBarView.swift in Sources */ = {isa = PBXBuildFile; fileRef = D3CA01A927231CFA00A288A3 /* AppTopBarView.swift */; };
		D3D2D50E26FD1C61005C1F9F /* ListStoriesView.swift in Sources */ = {isa = PBXBuildFile; fileRef = D3D2D50D26FD1C61005C1F9F /* ListStoriesView.swift */; };
		D3D3CE87268F93DF00E1FE84 /* SignInView.swift in Sources */ = {isa = PBXBuildFile; fileRef = D3D3CE86268F93DF00E1FE84 /* SignInView.swift */; };
		D3D3CE89268F93F100E1FE84 /* RegisterView.swift in Sources */ = {isa = PBXBuildFile; fileRef = D3D3CE88268F93F100E1FE84 /* RegisterView.swift */; };
		D3DC773726EA476100310AFB /* CommentView.swift in Sources */ = {isa = PBXBuildFile; fileRef = D3DC773626EA476100310AFB /* CommentView.swift */; };
		D3DC773926EA4EA500310AFB /* Comment.swift in Sources */ = {isa = PBXBuildFile; fileRef = D3DC773826EA4EA500310AFB /* Comment.swift */; };
		D3DC773B26EA527C00310AFB /* CommentRepository.swift in Sources */ = {isa = PBXBuildFile; fileRef = D3DC773A26EA527C00310AFB /* CommentRepository.swift */; };
		D3DCF4AF26A2198F001C9BC2 /* MapInfoView.swift in Sources */ = {isa = PBXBuildFile; fileRef = D3DCF4AE26A2198F001C9BC2 /* MapInfoView.swift */; };
		D3F8E87C2695D02E00C3DB7F /* PickerAnimal.swift in Sources */ = {isa = PBXBuildFile; fileRef = D3F8E87B2695D02E00C3DB7F /* PickerAnimal.swift */; };
		D3FFF232267A2F6C00F4A278 /* Authentication.swift in Sources */ = {isa = PBXBuildFile; fileRef = D3FFF231267A2F6C00F4A278 /* Authentication.swift */; };
		D3FFF236267A58CF00F4A278 /* DesignColors.swift in Sources */ = {isa = PBXBuildFile; fileRef = D3FFF235267A58CF00F4A278 /* DesignColors.swift */; };
		D3FFF238267A5F2100F4A278 /* TextFieldCustom.swift in Sources */ = {isa = PBXBuildFile; fileRef = D3FFF237267A5F2100F4A278 /* TextFieldCustom.swift */; };
/* End PBXBuildFile section */

/* Begin PBXContainerItemProxy section */
		D39C88B4267942DB0087FEA8 /* PBXContainerItemProxy */ = {
			isa = PBXContainerItemProxy;
			containerPortal = D39C889A267942DA0087FEA8 /* Project object */;
			proxyType = 1;
			remoteGlobalIDString = D39C88A1267942DA0087FEA8;
			remoteInfo = RescuePets;
		};
		D39C88BF267942DC0087FEA8 /* PBXContainerItemProxy */ = {
			isa = PBXContainerItemProxy;
			containerPortal = D39C889A267942DA0087FEA8 /* Project object */;
			proxyType = 1;
			remoteGlobalIDString = D39C88A1267942DA0087FEA8;
			remoteInfo = RescuePets;
		};
/* End PBXContainerItemProxy section */

/* Begin PBXFileReference section */
		D306D3ED26EB95E500D3290A /* CommentViewModel.swift */ = {isa = PBXFileReference; lastKnownFileType = sourcecode.swift; path = CommentViewModel.swift; sourceTree = "<group>"; };
		D306D3EF26EB95F500D3290A /* CommentCellViewModel.swift */ = {isa = PBXFileReference; lastKnownFileType = sourcecode.swift; path = CommentCellViewModel.swift; sourceTree = "<group>"; };
		D30945522683D79D00353B20 /* NotifyView.swift */ = {isa = PBXFileReference; lastKnownFileType = sourcecode.swift; path = NotifyView.swift; sourceTree = "<group>"; };
		D30BCAC9267BF28600D10BEE /* ImagePicker.swift */ = {isa = PBXFileReference; lastKnownFileType = sourcecode.swift; path = ImagePicker.swift; sourceTree = "<group>"; };
		D316C94326F8CE9A00063150 /* DesignMeasures.swift */ = {isa = PBXFileReference; lastKnownFileType = sourcecode.swift; path = DesignMeasures.swift; sourceTree = "<group>"; };
		D320DB7626AB705C0003BEE1 /* UserRepository.swift */ = {isa = PBXFileReference; lastKnownFileType = sourcecode.swift; path = UserRepository.swift; sourceTree = "<group>"; };
		D320DB7826AB73C90003BEE1 /* UserViewModel.swift */ = {isa = PBXFileReference; lastKnownFileType = sourcecode.swift; path = UserViewModel.swift; sourceTree = "<group>"; };
		D320DB7A26AB77560003BEE1 /* UserCellViewModel.swift */ = {isa = PBXFileReference; lastKnownFileType = sourcecode.swift; path = UserCellViewModel.swift; sourceTree = "<group>"; };
		D32667522728B2A500D969FD /* Place.swift */ = {isa = PBXFileReference; lastKnownFileType = sourcecode.swift; path = Place.swift; sourceTree = "<group>"; };
		D328A3F927036ACA001754CC /* CarrouselPictures.swift */ = {isa = PBXFileReference; lastKnownFileType = sourcecode.swift; path = CarrouselPictures.swift; sourceTree = "<group>"; };
		D3299E1026D4439700E025B5 /* Chat.swift */ = {isa = PBXFileReference; lastKnownFileType = sourcecode.swift; path = Chat.swift; sourceTree = "<group>"; };
		D3299E1226D4496200E025B5 /* MenuPopUp.swift */ = {isa = PBXFileReference; lastKnownFileType = sourcecode.swift; path = MenuPopUp.swift; sourceTree = "<group>"; };
		D32B53EE26822986001C66F8 /* StoryCellView.swift */ = {isa = PBXFileReference; lastKnownFileType = sourcecode.swift; path = StoryCellView.swift; sourceTree = "<group>"; };
		D32B53F026822996001C66F8 /* MessageCellView.swift */ = {isa = PBXFileReference; lastKnownFileType = sourcecode.swift; path = MessageCellView.swift; sourceTree = "<group>"; };
		D32B53F326825B32001C66F8 /* DesignTypo.swift */ = {isa = PBXFileReference; lastKnownFileType = sourcecode.swift; path = DesignTypo.swift; sourceTree = "<group>"; };
		D32B53F52682615B001C66F8 /* DesignButtons.swift */ = {isa = PBXFileReference; lastKnownFileType = sourcecode.swift; path = DesignButtons.swift; sourceTree = "<group>"; };
		D32B53F826827BC8001C66F8 /* User.swift */ = {isa = PBXFileReference; lastKnownFileType = sourcecode.swift; path = User.swift; sourceTree = "<group>"; };
		D32B53FA26827F04001C66F8 /* Story.swift */ = {isa = PBXFileReference; lastKnownFileType = sourcecode.swift; path = Story.swift; sourceTree = "<group>"; };
		D32B53FC26827FF8001C66F8 /* Message.swift */ = {isa = PBXFileReference; lastKnownFileType = sourcecode.swift; path = Message.swift; sourceTree = "<group>"; };
		D331C9E226F3A5AC003CE106 /* CounterHelpers.swift */ = {isa = PBXFileReference; lastKnownFileType = sourcecode.swift; path = CounterHelpers.swift; sourceTree = "<group>"; };
		D331C9E426F3A8D5003CE106 /* StoryHelpersView.swift */ = {isa = PBXFileReference; lastKnownFileType = sourcecode.swift; path = StoryHelpersView.swift; sourceTree = "<group>"; };
		D332C77D267AA12200F22655 /* DesignImages.swift */ = {isa = PBXFileReference; lastKnownFileType = sourcecode.swift; path = DesignImages.swift; sourceTree = "<group>"; };
		D332C77F267AA66000F22655 /* HomeMapView.swift */ = {isa = PBXFileReference; lastKnownFileType = sourcecode.swift; path = HomeMapView.swift; sourceTree = "<group>"; };
		D332C782267AA6E500F22655 /* MapView.swift */ = {isa = PBXFileReference; lastKnownFileType = sourcecode.swift; path = MapView.swift; sourceTree = "<group>"; };
		D332C788267AAA0600F22655 /* LocationManager.swift */ = {isa = PBXFileReference; lastKnownFileType = sourcecode.swift; path = LocationManager.swift; sourceTree = "<group>"; };
		D339A3ED269F76FE0041F4B0 /* SelectorSection.swift */ = {isa = PBXFileReference; lastKnownFileType = sourcecode.swift; path = SelectorSection.swift; sourceTree = "<group>"; };
		D346E2C126F0E9DA008C6F25 /* TabBar.swift */ = {isa = PBXFileReference; lastKnownFileType = sourcecode.swift; path = TabBar.swift; sourceTree = "<group>"; };
		D34A41D926CC4EB500C8A61F /* ChatTextField.swift */ = {isa = PBXFileReference; lastKnownFileType = sourcecode.swift; path = ChatTextField.swift; sourceTree = "<group>"; };
		D34A41DB26CC4F4300C8A61F /* StoryProgress.swift */ = {isa = PBXFileReference; lastKnownFileType = sourcecode.swift; path = StoryProgress.swift; sourceTree = "<group>"; };
		D34BA82B2680C5860084097F /* CreateStoryView.swift */ = {isa = PBXFileReference; lastKnownFileType = sourcecode.swift; path = CreateStoryView.swift; sourceTree = "<group>"; };
		D34BA82F2680DE330084097F /* TextView.swift */ = {isa = PBXFileReference; lastKnownFileType = sourcecode.swift; path = TextView.swift; sourceTree = "<group>"; };
		D34EC19E26BD97AE002A9D20 /* ChangeEmailView.swift */ = {isa = PBXFileReference; lastKnownFileType = sourcecode.swift; path = ChangeEmailView.swift; sourceTree = "<group>"; };
		D357238226EAAFDB00D319B2 /* CommentCellView.swift */ = {isa = PBXFileReference; lastKnownFileType = sourcecode.swift; path = CommentCellView.swift; sourceTree = "<group>"; };
		D359F7A2267CD267008C9933 /* ProfileView.swift */ = {isa = PBXFileReference; lastKnownFileType = sourcecode.swift; path = ProfileView.swift; sourceTree = "<group>"; };
		D35A82B126CD6399004FF7DC /* MessageCellViewModel.swift */ = {isa = PBXFileReference; lastKnownFileType = sourcecode.swift; path = MessageCellViewModel.swift; sourceTree = "<group>"; };
		D35A82B326CD6753004FF7DC /* MessageViewModel.swift */ = {isa = PBXFileReference; lastKnownFileType = sourcecode.swift; path = MessageViewModel.swift; sourceTree = "<group>"; };
		D362674426AEF14100865E74 /* StoryViewModel.swift */ = {isa = PBXFileReference; lastKnownFileType = sourcecode.swift; path = StoryViewModel.swift; sourceTree = "<group>"; };
		D362674626AEF1D700865E74 /* StoryCellViewModel.swift */ = {isa = PBXFileReference; lastKnownFileType = sourcecode.swift; path = StoryCellViewModel.swift; sourceTree = "<group>"; };
		D371B01E26A082F80097F8F2 /* MapActiveView.swift */ = {isa = PBXFileReference; lastKnownFileType = sourcecode.swift; path = MapActiveView.swift; sourceTree = "<group>"; };
		D37F986226D981C500FFAE14 /* SkeletonView.swift */ = {isa = PBXFileReference; lastKnownFileType = sourcecode.swift; path = SkeletonView.swift; sourceTree = "<group>"; };
		D37FB40326C439C100499E93 /* HelpersExtensions.swift */ = {isa = PBXFileReference; lastKnownFileType = sourcecode.swift; path = HelpersExtensions.swift; sourceTree = "<group>"; };
		D37FB40526C557F300499E93 /* HeaderView.swift */ = {isa = PBXFileReference; lastKnownFileType = sourcecode.swift; path = HeaderView.swift; sourceTree = "<group>"; };
		D37FB40726C568FB00499E93 /* CustomHeader.swift */ = {isa = PBXFileReference; lastKnownFileType = sourcecode.swift; path = CustomHeader.swift; sourceTree = "<group>"; };
		D37FB40926C70DAC00499E93 /* MessagesView.swift */ = {isa = PBXFileReference; lastKnownFileType = sourcecode.swift; path = MessagesView.swift; sourceTree = "<group>"; };
		D37FB40B26C71A0700499E93 /* MessageRepository.swift */ = {isa = PBXFileReference; lastKnownFileType = sourcecode.swift; path = MessageRepository.swift; sourceTree = "<group>"; };
		D38796062695E763000B19FF /* DropDownView.swift */ = {isa = PBXFileReference; lastKnownFileType = sourcecode.swift; path = DropDownView.swift; sourceTree = "<group>"; };
		D387960826961520000B19FF /* LocationInfoView.swift */ = {isa = PBXFileReference; lastKnownFileType = sourcecode.swift; path = LocationInfoView.swift; sourceTree = "<group>"; };
		D38C68CE26E69AAA0037DA55 /* StoryCell.swift */ = {isa = PBXFileReference; lastKnownFileType = sourcecode.swift; path = StoryCell.swift; sourceTree = "<group>"; };
		D390134C26E16A8C00A626D3 /* DBInteract.swift */ = {isa = PBXFileReference; lastKnownFileType = sourcecode.swift; path = DBInteract.swift; sourceTree = "<group>"; };
		D3918F77267D36ED00DC4BA8 /* BackShapeView.swift */ = {isa = PBXFileReference; lastKnownFileType = sourcecode.swift; path = BackShapeView.swift; sourceTree = "<group>"; };
		D39B5EFB268A0251003F097E /* GoogleService-Info.plist */ = {isa = PBXFileReference; fileEncoding = 4; lastKnownFileType = text.plist.xml; path = "GoogleService-Info.plist"; sourceTree = "<group>"; };
		D39C88A2267942DA0087FEA8 /* RescuePets.app */ = {isa = PBXFileReference; explicitFileType = wrapper.application; includeInIndex = 0; path = RescuePets.app; sourceTree = BUILT_PRODUCTS_DIR; };
		D39C88A5267942DA0087FEA8 /* RescuePetsApp.swift */ = {isa = PBXFileReference; lastKnownFileType = sourcecode.swift; path = RescuePetsApp.swift; sourceTree = "<group>"; };
		D39C88A7267942DA0087FEA8 /* ContentView.swift */ = {isa = PBXFileReference; lastKnownFileType = sourcecode.swift; path = ContentView.swift; sourceTree = "<group>"; };
		D39C88A9267942DB0087FEA8 /* Assets.xcassets */ = {isa = PBXFileReference; lastKnownFileType = folder.assetcatalog; path = Assets.xcassets; sourceTree = "<group>"; };
		D39C88AC267942DB0087FEA8 /* Preview Assets.xcassets */ = {isa = PBXFileReference; lastKnownFileType = folder.assetcatalog; path = "Preview Assets.xcassets"; sourceTree = "<group>"; };
		D39C88AE267942DB0087FEA8 /* Info.plist */ = {isa = PBXFileReference; lastKnownFileType = text.plist.xml; path = Info.plist; sourceTree = "<group>"; };
		D39C88B3267942DB0087FEA8 /* RescuePetsTests.xctest */ = {isa = PBXFileReference; explicitFileType = wrapper.cfbundle; includeInIndex = 0; path = RescuePetsTests.xctest; sourceTree = BUILT_PRODUCTS_DIR; };
		D39C88B7267942DB0087FEA8 /* RescuePetsTests.swift */ = {isa = PBXFileReference; lastKnownFileType = sourcecode.swift; path = RescuePetsTests.swift; sourceTree = "<group>"; };
		D39C88B9267942DB0087FEA8 /* Info.plist */ = {isa = PBXFileReference; lastKnownFileType = text.plist.xml; path = Info.plist; sourceTree = "<group>"; };
		D39C88BE267942DC0087FEA8 /* RescuePetsUITests.xctest */ = {isa = PBXFileReference; explicitFileType = wrapper.cfbundle; includeInIndex = 0; path = RescuePetsUITests.xctest; sourceTree = BUILT_PRODUCTS_DIR; };
		D39C88C2267942DC0087FEA8 /* RescuePetsUITests.swift */ = {isa = PBXFileReference; lastKnownFileType = sourcecode.swift; path = RescuePetsUITests.swift; sourceTree = "<group>"; };
		D39C88C4267942DC0087FEA8 /* Info.plist */ = {isa = PBXFileReference; lastKnownFileType = text.plist.xml; path = Info.plist; sourceTree = "<group>"; };
		D3A4F20326B04EF30082D01E /* DraggableView.swift */ = {isa = PBXFileReference; lastKnownFileType = sourcecode.swift; path = DraggableView.swift; sourceTree = "<group>"; };
		D3A5830726C315950041E2E3 /* CustomAlertView.swift */ = {isa = PBXFileReference; lastKnownFileType = sourcecode.swift; path = CustomAlertView.swift; sourceTree = "<group>"; };
		D3A6EF35268CFF03000D3636 /* ChatCellInvited.swift */ = {isa = PBXFileReference; lastKnownFileType = sourcecode.swift; path = ChatCellInvited.swift; sourceTree = "<group>"; };
		D3A6EF37268D0866000D3636 /* SignViewModel.swift */ = {isa = PBXFileReference; lastKnownFileType = sourcecode.swift; path = SignViewModel.swift; sourceTree = "<group>"; };
		D3ADB35D27075B9600741CA8 /* StoriesListView.swift */ = {isa = PBXFileReference; lastKnownFileType = sourcecode.swift; path = StoriesListView.swift; sourceTree = "<group>"; };
		D3B4ABB926D597640052A620 /* ChatRepository.swift */ = {isa = PBXFileReference; lastKnownFileType = sourcecode.swift; path = ChatRepository.swift; sourceTree = "<group>"; };
		D3B4ABBB26D5984D0052A620 /* ChatViewModel.swift */ = {isa = PBXFileReference; lastKnownFileType = sourcecode.swift; path = ChatViewModel.swift; sourceTree = "<group>"; };
		D3B4ABBD26D598AB0052A620 /* ChatCellViewModel.swift */ = {isa = PBXFileReference; lastKnownFileType = sourcecode.swift; path = ChatCellViewModel.swift; sourceTree = "<group>"; };
		D3BA7DC426F53418004FB156 /* HelperCellView.swift */ = {isa = PBXFileReference; lastKnownFileType = sourcecode.swift; path = HelperCellView.swift; sourceTree = "<group>"; };
		D3C23E9D26AC73EC00E46675 /* EmptyStateHome.swift */ = {isa = PBXFileReference; lastKnownFileType = sourcecode.swift; path = EmptyStateHome.swift; sourceTree = "<group>"; };
		D3C23E9F26AC744A00E46675 /* ImageSelected.swift */ = {isa = PBXFileReference; lastKnownFileType = sourcecode.swift; path = ImageSelected.swift; sourceTree = "<group>"; };
		D3C23EA126AC767000E46675 /* StoryDataRepository.swift */ = {isa = PBXFileReference; lastKnownFileType = sourcecode.swift; path = StoryDataRepository.swift; sourceTree = "<group>"; };
		D3C45BF82684C4EF00DFA358 /* EditProfileView.swift */ = {isa = PBXFileReference; lastKnownFileType = sourcecode.swift; path = EditProfileView.swift; sourceTree = "<group>"; };
		D3C45BFA2684C8ED00DFA358 /* ChangePasswordView.swift */ = {isa = PBXFileReference; lastKnownFileType = sourcecode.swift; path = ChangePasswordView.swift; sourceTree = "<group>"; };
		D3C45BFC2684EA1E00DFA358 /* ChatMessagesView.swift */ = {isa = PBXFileReference; lastKnownFileType = sourcecode.swift; path = ChatMessagesView.swift; sourceTree = "<group>"; };
		D3C45BFE2684ED1200DFA358 /* ActiveDetailView.swift */ = {isa = PBXFileReference; lastKnownFileType = sourcecode.swift; path = ActiveDetailView.swift; sourceTree = "<group>"; };
		D3C45C0026850C6900DFA358 /* ChatCellOwner.swift */ = {isa = PBXFileReference; lastKnownFileType = sourcecode.swift; path = ChatCellOwner.swift; sourceTree = "<group>"; };
		D3C45C02268526D300DFA358 /* KeyboardHandler.swift */ = {isa = PBXFileReference; lastKnownFileType = sourcecode.swift; path = KeyboardHandler.swift; sourceTree = "<group>"; };
		D3CA01952722F61600A288A3 /* TabBarItem.swift */ = {isa = PBXFileReference; lastKnownFileType = sourcecode.swift; path = TabBarItem.swift; sourceTree = "<group>"; };
		D3CA01972722F64500A288A3 /* CustomTabBarView.swift */ = {isa = PBXFileReference; lastKnownFileType = sourcecode.swift; path = CustomTabBarView.swift; sourceTree = "<group>"; };
		D3CA01992722F68600A288A3 /* TabBarItemsPreferenceKey.swift */ = {isa = PBXFileReference; lastKnownFileType = sourcecode.swift; path = TabBarItemsPreferenceKey.swift; sourceTree = "<group>"; };
		D3CA019B2722F6BB00A288A3 /* CustomTabBarContainerView.swift */ = {isa = PBXFileReference; lastKnownFileType = sourcecode.swift; path = CustomTabBarContainerView.swift; sourceTree = "<group>"; };
		D3CA019D2722F6F400A288A3 /* AppTabBarView.swift */ = {isa = PBXFileReference; lastKnownFileType = sourcecode.swift; path = AppTabBarView.swift; sourceTree = "<group>"; };
		D3CA01A1272317DB00A288A3 /* TopBarItem.swift */ = {isa = PBXFileReference; lastKnownFileType = sourcecode.swift; path = TopBarItem.swift; sourceTree = "<group>"; };
		D3CA01A3272318A000A288A3 /* CustomTopBarView.swift */ = {isa = PBXFileReference; lastKnownFileType = sourcecode.swift; path = CustomTopBarView.swift; sourceTree = "<group>"; };
		D3CA01A527231AEB00A288A3 /* TopBarItemsPreferenceKey.swift */ = {isa = PBXFileReference; lastKnownFileType = sourcecode.swift; path = TopBarItemsPreferenceKey.swift; sourceTree = "<group>"; };
		D3CA01A727231BA600A288A3 /* CustomTopBarContainerView.swift */ = {isa = PBXFileReference; lastKnownFileType = sourcecode.swift; path = CustomTopBarContainerView.swift; sourceTree = "<group>"; };
		D3CA01A927231CFA00A288A3 /* AppTopBarView.swift */ = {isa = PBXFileReference; lastKnownFileType = sourcecode.swift; path = AppTopBarView.swift; sourceTree = "<group>"; };
		D3D2D50D26FD1C61005C1F9F /* ListStoriesView.swift */ = {isa = PBXFileReference; lastKnownFileType = sourcecode.swift; path = ListStoriesView.swift; sourceTree = "<group>"; };
		D3D3CE86268F93DF00E1FE84 /* SignInView.swift */ = {isa = PBXFileReference; lastKnownFileType = sourcecode.swift; path = SignInView.swift; sourceTree = "<group>"; };
		D3D3CE88268F93F100E1FE84 /* RegisterView.swift */ = {isa = PBXFileReference; lastKnownFileType = sourcecode.swift; path = RegisterView.swift; sourceTree = "<group>"; };
		D3DC773626EA476100310AFB /* CommentView.swift */ = {isa = PBXFileReference; lastKnownFileType = sourcecode.swift; path = CommentView.swift; sourceTree = "<group>"; };
		D3DC773826EA4EA500310AFB /* Comment.swift */ = {isa = PBXFileReference; lastKnownFileType = sourcecode.swift; path = Comment.swift; sourceTree = "<group>"; };
		D3DC773A26EA527C00310AFB /* CommentRepository.swift */ = {isa = PBXFileReference; lastKnownFileType = sourcecode.swift; path = CommentRepository.swift; sourceTree = "<group>"; };
		D3DCF4AE26A2198F001C9BC2 /* MapInfoView.swift */ = {isa = PBXFileReference; lastKnownFileType = sourcecode.swift; path = MapInfoView.swift; sourceTree = "<group>"; };
		D3F8E87B2695D02E00C3DB7F /* PickerAnimal.swift */ = {isa = PBXFileReference; lastKnownFileType = sourcecode.swift; path = PickerAnimal.swift; sourceTree = "<group>"; };
		D3FFF231267A2F6C00F4A278 /* Authentication.swift */ = {isa = PBXFileReference; lastKnownFileType = sourcecode.swift; path = Authentication.swift; sourceTree = "<group>"; };
		D3FFF235267A58CF00F4A278 /* DesignColors.swift */ = {isa = PBXFileReference; lastKnownFileType = sourcecode.swift; path = DesignColors.swift; sourceTree = "<group>"; };
		D3FFF237267A5F2100F4A278 /* TextFieldCustom.swift */ = {isa = PBXFileReference; lastKnownFileType = sourcecode.swift; path = TextFieldCustom.swift; sourceTree = "<group>"; };
/* End PBXFileReference section */

/* Begin PBXFrameworksBuildPhase section */
		D39C889F267942DA0087FEA8 /* Frameworks */ = {
			isa = PBXFrameworksBuildPhase;
			buildActionMask = 2147483647;
			files = (
				D39B5F07268A0516003F097E /* FirebaseStorageSwift-Beta in Frameworks */,
				D39B5F03268A0516003F097E /* FirebaseAnalyticsSwift-Beta in Frameworks */,
				D39B5EFF268A0516003F097E /* FirebaseFirestore in Frameworks */,
				D39B5F05268A0516003F097E /* FirebaseAnalytics in Frameworks */,
				D3ACB6DE269DE17D00826947 /* SDWebImageSwiftUI in Frameworks */,
				D39B5F01268A0516003F097E /* FirebaseFirestoreSwift-Beta in Frameworks */,
				D39B5F0B268A0516003F097E /* FirebaseAuth in Frameworks */,
				D39B5F09268A0516003F097E /* FirebaseStorage in Frameworks */,
			);
			runOnlyForDeploymentPostprocessing = 0;
		};
		D39C88B0267942DB0087FEA8 /* Frameworks */ = {
			isa = PBXFrameworksBuildPhase;
			buildActionMask = 2147483647;
			files = (
			);
			runOnlyForDeploymentPostprocessing = 0;
		};
		D39C88BB267942DC0087FEA8 /* Frameworks */ = {
			isa = PBXFrameworksBuildPhase;
			buildActionMask = 2147483647;
			files = (
			);
			runOnlyForDeploymentPostprocessing = 0;
		};
/* End PBXFrameworksBuildPhase section */

/* Begin PBXGroup section */
		D32B53F226822E33001C66F8 /* DesignSystem */ = {
			isa = PBXGroup;
			children = (
				D3918F77267D36ED00DC4BA8 /* BackShapeView.swift */,
				D332C77D267AA12200F22655 /* DesignImages.swift */,
				D3FFF235267A58CF00F4A278 /* DesignColors.swift */,
				D32B53F326825B32001C66F8 /* DesignTypo.swift */,
				D32B53F52682615B001C66F8 /* DesignButtons.swift */,
				D316C94326F8CE9A00063150 /* DesignMeasures.swift */,
			);
			path = DesignSystem;
			sourceTree = "<group>";
		};
		D32B53F726827BB9001C66F8 /* Models */ = {
			isa = PBXGroup;
			children = (
				D32B53F826827BC8001C66F8 /* User.swift */,
				D32B53FC26827FF8001C66F8 /* Message.swift */,
				D32B53FA26827F04001C66F8 /* Story.swift */,
				D3C23E9F26AC744A00E46675 /* ImageSelected.swift */,
				D3299E1026D4439700E025B5 /* Chat.swift */,
				D3DC773826EA4EA500310AFB /* Comment.swift */,
				D32667522728B2A500D969FD /* Place.swift */,
			);
			name = Models;
			sourceTree = "<group>";
		};
		D32B53FE26828130001C66F8 /* Components */ = {
			isa = PBXGroup;
			children = (
				D3CA01A0272317BD00A288A3 /* CustomTopBar */,
				D3CA01942722F5BB00A288A3 /* CustomTabBar */,
				D3FFF237267A5F2100F4A278 /* TextFieldCustom.swift */,
				D339A3ED269F76FE0041F4B0 /* SelectorSection.swift */,
				D34BA82F2680DE330084097F /* TextView.swift */,
				D3C45C02268526D300DFA358 /* KeyboardHandler.swift */,
				D3F8E87B2695D02E00C3DB7F /* PickerAnimal.swift */,
				D38796062695E763000B19FF /* DropDownView.swift */,
				D387960826961520000B19FF /* LocationInfoView.swift */,
				D3A4F20326B04EF30082D01E /* DraggableView.swift */,
				D3A5830726C315950041E2E3 /* CustomAlertView.swift */,
				D37FB40526C557F300499E93 /* HeaderView.swift */,
				D37FB40726C568FB00499E93 /* CustomHeader.swift */,
				D34A41D926CC4EB500C8A61F /* ChatTextField.swift */,
				D34A41DB26CC4F4300C8A61F /* StoryProgress.swift */,
				D3299E1226D4496200E025B5 /* MenuPopUp.swift */,
				D37F986226D981C500FFAE14 /* SkeletonView.swift */,
				D346E2C126F0E9DA008C6F25 /* TabBar.swift */,
				D331C9E226F3A5AC003CE106 /* CounterHelpers.swift */,
				D328A3F927036ACA001754CC /* CarrouselPictures.swift */,
			);
			path = Components;
			sourceTree = "<group>";
		};
		D332C781267AA6C800F22655 /* Views */ = {
			isa = PBXGroup;
			children = (
				D3CA019D2722F6F400A288A3 /* AppTabBarView.swift */,
				D3CA01A927231CFA00A288A3 /* AppTopBarView.swift */,
				D3ADB35D27075B9600741CA8 /* StoriesListView.swift */,
				D39C88A7267942DA0087FEA8 /* ContentView.swift */,
				D332C77F267AA66000F22655 /* HomeMapView.swift */,
				D30945522683D79D00353B20 /* NotifyView.swift */,
				D3C23E9D26AC73EC00E46675 /* EmptyStateHome.swift */,
				D37FB40926C70DAC00499E93 /* MessagesView.swift */,
				D393FF2426EFEF5C0028EE69 /* Maps */,
				D393FF2326EFEEFE0028EE69 /* Authentication */,
				D393FF2126EFEEC50028EE69 /* Profile */,
				D393FF2026EFEEA20028EE69 /* Story */,
				D393FF2226EFEEEE0028EE69 /* Chat */,
				D393FF1F26EFEE710028EE69 /* Comment */,
			);
			path = Views;
			sourceTree = "<group>";
		};
		D332C787267AA9F400F22655 /* Managers */ = {
			isa = PBXGroup;
			children = (
				D332C788267AAA0600F22655 /* LocationManager.swift */,
			);
			path = Managers;
			sourceTree = "<group>";
		};
		D390134B26E16A5200A626D3 /* Helpers */ = {
			isa = PBXGroup;
			children = (
				D37FB40326C439C100499E93 /* HelpersExtensions.swift */,
				D390134C26E16A8C00A626D3 /* DBInteract.swift */,
			);
			path = Helpers;
			sourceTree = "<group>";
		};
		D393FF1F26EFEE710028EE69 /* Comment */ = {
			isa = PBXGroup;
			children = (
				D3DC773626EA476100310AFB /* CommentView.swift */,
				D357238226EAAFDB00D319B2 /* CommentCellView.swift */,
			);
			path = Comment;
			sourceTree = "<group>";
		};
		D393FF2026EFEEA20028EE69 /* Story */ = {
			isa = PBXGroup;
			children = (
				D30BCAC9267BF28600D10BEE /* ImagePicker.swift */,
				D34BA82B2680C5860084097F /* CreateStoryView.swift */,
				D32B53EE26822986001C66F8 /* StoryCellView.swift */,
				D3C45BFE2684ED1200DFA358 /* ActiveDetailView.swift */,
				D38C68CE26E69AAA0037DA55 /* StoryCell.swift */,
				D331C9E426F3A8D5003CE106 /* StoryHelpersView.swift */,
				D3BA7DC426F53418004FB156 /* HelperCellView.swift */,
				D3D2D50D26FD1C61005C1F9F /* ListStoriesView.swift */,
			);
			path = Story;
			sourceTree = "<group>";
		};
		D393FF2126EFEEC50028EE69 /* Profile */ = {
			isa = PBXGroup;
			children = (
				D359F7A2267CD267008C9933 /* ProfileView.swift */,
				D3C45BF82684C4EF00DFA358 /* EditProfileView.swift */,
				D34EC19E26BD97AE002A9D20 /* ChangeEmailView.swift */,
				D3C45BFA2684C8ED00DFA358 /* ChangePasswordView.swift */,
			);
			path = Profile;
			sourceTree = "<group>";
		};
		D393FF2226EFEEEE0028EE69 /* Chat */ = {
			isa = PBXGroup;
			children = (
				D32B53F026822996001C66F8 /* MessageCellView.swift */,
				D3C45BFC2684EA1E00DFA358 /* ChatMessagesView.swift */,
				D3C45C0026850C6900DFA358 /* ChatCellOwner.swift */,
				D3A6EF35268CFF03000D3636 /* ChatCellInvited.swift */,
			);
			path = Chat;
			sourceTree = "<group>";
		};
		D393FF2326EFEEFE0028EE69 /* Authentication */ = {
			isa = PBXGroup;
			children = (
				D3FFF231267A2F6C00F4A278 /* Authentication.swift */,
				D3D3CE86268F93DF00E1FE84 /* SignInView.swift */,
				D3D3CE88268F93F100E1FE84 /* RegisterView.swift */,
			);
			path = Authentication;
			sourceTree = "<group>";
		};
		D393FF2426EFEF5C0028EE69 /* Maps */ = {
			isa = PBXGroup;
			children = (
				D332C782267AA6E500F22655 /* MapView.swift */,
				D371B01E26A082F80097F8F2 /* MapActiveView.swift */,
				D3DCF4AE26A2198F001C9BC2 /* MapInfoView.swift */,
			);
			path = Maps;
			sourceTree = "<group>";
		};
		D393FF2526EFEF840028EE69 /* UserModel */ = {
			isa = PBXGroup;
			children = (
				D320DB7826AB73C90003BEE1 /* UserViewModel.swift */,
				D320DB7A26AB77560003BEE1 /* UserCellViewModel.swift */,
			);
			name = UserModel;
			sourceTree = "<group>";
		};
		D393FF2626EFEF8E0028EE69 /* StoryModel */ = {
			isa = PBXGroup;
			children = (
				D362674426AEF14100865E74 /* StoryViewModel.swift */,
				D362674626AEF1D700865E74 /* StoryCellViewModel.swift */,
			);
			name = StoryModel;
			sourceTree = "<group>";
		};
		D393FF2726EFEF970028EE69 /* MessageModel */ = {
			isa = PBXGroup;
			children = (
				D35A82B326CD6753004FF7DC /* MessageViewModel.swift */,
				D35A82B126CD6399004FF7DC /* MessageCellViewModel.swift */,
			);
			name = MessageModel;
			sourceTree = "<group>";
		};
		D393FF2826EFEFA20028EE69 /* ChatModel */ = {
			isa = PBXGroup;
			children = (
				D3B4ABBB26D5984D0052A620 /* ChatViewModel.swift */,
				D3B4ABBD26D598AB0052A620 /* ChatCellViewModel.swift */,
			);
			name = ChatModel;
			sourceTree = "<group>";
		};
		D393FF2926EFEFAB0028EE69 /* CommentModel */ = {
			isa = PBXGroup;
			children = (
				D306D3ED26EB95E500D3290A /* CommentViewModel.swift */,
				D306D3EF26EB95F500D3290A /* CommentCellViewModel.swift */,
			);
			name = CommentModel;
			sourceTree = "<group>";
		};
		D393FF2A26EFEFC90028EE69 /* AuthenticationModel */ = {
			isa = PBXGroup;
			children = (
				D3A6EF37268D0866000D3636 /* SignViewModel.swift */,
			);
			name = AuthenticationModel;
			sourceTree = "<group>";
		};
		D39B5F0C268A1148003F097E /* Repositories */ = {
			isa = PBXGroup;
			children = (
				D320DB7626AB705C0003BEE1 /* UserRepository.swift */,
				D3C23EA126AC767000E46675 /* StoryDataRepository.swift */,
				D37FB40B26C71A0700499E93 /* MessageRepository.swift */,
				D3B4ABB926D597640052A620 /* ChatRepository.swift */,
				D3DC773A26EA527C00310AFB /* CommentRepository.swift */,
			);
			path = Repositories;
			sourceTree = "<group>";
		};
		D39C8899267942DA0087FEA8 = {
			isa = PBXGroup;
			children = (
				D39C88A4267942DA0087FEA8 /* RescuePets */,
				D39C88B6267942DB0087FEA8 /* RescuePetsTests */,
				D39C88C1267942DC0087FEA8 /* RescuePetsUITests */,
				D39C88A3267942DA0087FEA8 /* Products */,
			);
			sourceTree = "<group>";
		};
		D39C88A3267942DA0087FEA8 /* Products */ = {
			isa = PBXGroup;
			children = (
				D39C88A2267942DA0087FEA8 /* RescuePets.app */,
				D39C88B3267942DB0087FEA8 /* RescuePetsTests.xctest */,
				D39C88BE267942DC0087FEA8 /* RescuePetsUITests.xctest */,
			);
			name = Products;
			sourceTree = "<group>";
		};
		D39C88A4267942DA0087FEA8 /* RescuePets */ = {
			isa = PBXGroup;
			children = (
				D39C88A5267942DA0087FEA8 /* RescuePetsApp.swift */,
				D39B5F0C268A1148003F097E /* Repositories */,
				D32B53F726827BB9001C66F8 /* Models */,
				D3C45C042686784000DFA358 /* ViewModels */,
				D332C787267AA9F400F22655 /* Managers */,
				D332C781267AA6C800F22655 /* Views */,
				D32B53FE26828130001C66F8 /* Components */,
				D32B53F226822E33001C66F8 /* DesignSystem */,
				D390134B26E16A5200A626D3 /* Helpers */,
				D39C88AE267942DB0087FEA8 /* Info.plist */,
				D39C88A9267942DB0087FEA8 /* Assets.xcassets */,
				D39B5EFB268A0251003F097E /* GoogleService-Info.plist */,
				D39C88AB267942DB0087FEA8 /* Preview Content */,
			);
			path = RescuePets;
			sourceTree = "<group>";
		};
		D39C88AB267942DB0087FEA8 /* Preview Content */ = {
			isa = PBXGroup;
			children = (
				D39C88AC267942DB0087FEA8 /* Preview Assets.xcassets */,
			);
			path = "Preview Content";
			sourceTree = "<group>";
		};
		D39C88B6267942DB0087FEA8 /* RescuePetsTests */ = {
			isa = PBXGroup;
			children = (
				D39C88B7267942DB0087FEA8 /* RescuePetsTests.swift */,
				D39C88B9267942DB0087FEA8 /* Info.plist */,
			);
			path = RescuePetsTests;
			sourceTree = "<group>";
		};
		D39C88C1267942DC0087FEA8 /* RescuePetsUITests */ = {
			isa = PBXGroup;
			children = (
				D39C88C2267942DC0087FEA8 /* RescuePetsUITests.swift */,
				D39C88C4267942DC0087FEA8 /* Info.plist */,
			);
			path = RescuePetsUITests;
			sourceTree = "<group>";
		};
		D3C45C042686784000DFA358 /* ViewModels */ = {
			isa = PBXGroup;
			children = (
				D393FF2A26EFEFC90028EE69 /* AuthenticationModel */,
				D393FF2526EFEF840028EE69 /* UserModel */,
				D393FF2626EFEF8E0028EE69 /* StoryModel */,
				D393FF2726EFEF970028EE69 /* MessageModel */,
				D393FF2826EFEFA20028EE69 /* ChatModel */,
				D393FF2926EFEFAB0028EE69 /* CommentModel */,
			);
			name = ViewModels;
			sourceTree = "<group>";
		};
		D3CA01942722F5BB00A288A3 /* CustomTabBar */ = {
			isa = PBXGroup;
			children = (
				D3CA01952722F61600A288A3 /* TabBarItem.swift */,
				D3CA01972722F64500A288A3 /* CustomTabBarView.swift */,
				D3CA01992722F68600A288A3 /* TabBarItemsPreferenceKey.swift */,
				D3CA019B2722F6BB00A288A3 /* CustomTabBarContainerView.swift */,
			);
			path = CustomTabBar;
			sourceTree = "<group>";
		};
		D3CA01A0272317BD00A288A3 /* CustomTopBar */ = {
			isa = PBXGroup;
			children = (
				D3CA01A1272317DB00A288A3 /* TopBarItem.swift */,
				D3CA01A3272318A000A288A3 /* CustomTopBarView.swift */,
				D3CA01A527231AEB00A288A3 /* TopBarItemsPreferenceKey.swift */,
				D3CA01A727231BA600A288A3 /* CustomTopBarContainerView.swift */,
			);
			path = CustomTopBar;
			sourceTree = "<group>";
		};
/* End PBXGroup section */

/* Begin PBXNativeTarget section */
		D39C88A1267942DA0087FEA8 /* RescuePets */ = {
			isa = PBXNativeTarget;
			buildConfigurationList = D39C88C7267942DC0087FEA8 /* Build configuration list for PBXNativeTarget "RescuePets" */;
			buildPhases = (
				D39C889E267942DA0087FEA8 /* Sources */,
				D39C889F267942DA0087FEA8 /* Frameworks */,
				D39C88A0267942DA0087FEA8 /* Resources */,
			);
			buildRules = (
			);
			dependencies = (
			);
			name = RescuePets;
			packageProductDependencies = (
				D39B5EFE268A0516003F097E /* FirebaseFirestore */,
				D39B5F00268A0516003F097E /* FirebaseFirestoreSwift-Beta */,
				D39B5F02268A0516003F097E /* FirebaseAnalyticsSwift-Beta */,
				D39B5F04268A0516003F097E /* FirebaseAnalytics */,
				D39B5F06268A0516003F097E /* FirebaseStorageSwift-Beta */,
				D39B5F08268A0516003F097E /* FirebaseStorage */,
				D39B5F0A268A0516003F097E /* FirebaseAuth */,
				D3ACB6DD269DE17D00826947 /* SDWebImageSwiftUI */,
			);
			productName = RescuePets;
			productReference = D39C88A2267942DA0087FEA8 /* RescuePets.app */;
			productType = "com.apple.product-type.application";
		};
		D39C88B2267942DB0087FEA8 /* RescuePetsTests */ = {
			isa = PBXNativeTarget;
			buildConfigurationList = D39C88CA267942DC0087FEA8 /* Build configuration list for PBXNativeTarget "RescuePetsTests" */;
			buildPhases = (
				D39C88AF267942DB0087FEA8 /* Sources */,
				D39C88B0267942DB0087FEA8 /* Frameworks */,
				D39C88B1267942DB0087FEA8 /* Resources */,
			);
			buildRules = (
			);
			dependencies = (
				D39C88B5267942DB0087FEA8 /* PBXTargetDependency */,
			);
			name = RescuePetsTests;
			productName = RescuePetsTests;
			productReference = D39C88B3267942DB0087FEA8 /* RescuePetsTests.xctest */;
			productType = "com.apple.product-type.bundle.unit-test";
		};
		D39C88BD267942DC0087FEA8 /* RescuePetsUITests */ = {
			isa = PBXNativeTarget;
			buildConfigurationList = D39C88CD267942DC0087FEA8 /* Build configuration list for PBXNativeTarget "RescuePetsUITests" */;
			buildPhases = (
				D39C88BA267942DC0087FEA8 /* Sources */,
				D39C88BB267942DC0087FEA8 /* Frameworks */,
				D39C88BC267942DC0087FEA8 /* Resources */,
			);
			buildRules = (
			);
			dependencies = (
				D39C88C0267942DC0087FEA8 /* PBXTargetDependency */,
			);
			name = RescuePetsUITests;
			productName = RescuePetsUITests;
			productReference = D39C88BE267942DC0087FEA8 /* RescuePetsUITests.xctest */;
			productType = "com.apple.product-type.bundle.ui-testing";
		};
/* End PBXNativeTarget section */

/* Begin PBXProject section */
		D39C889A267942DA0087FEA8 /* Project object */ = {
			isa = PBXProject;
			attributes = {
				LastSwiftUpdateCheck = 1250;
				LastUpgradeCheck = 1250;
				TargetAttributes = {
					D39C88A1267942DA0087FEA8 = {
						CreatedOnToolsVersion = 12.5;
					};
					D39C88B2267942DB0087FEA8 = {
						CreatedOnToolsVersion = 12.5;
						TestTargetID = D39C88A1267942DA0087FEA8;
					};
					D39C88BD267942DC0087FEA8 = {
						CreatedOnToolsVersion = 12.5;
						TestTargetID = D39C88A1267942DA0087FEA8;
					};
				};
			};
			buildConfigurationList = D39C889D267942DA0087FEA8 /* Build configuration list for PBXProject "RescuePets" */;
			compatibilityVersion = "Xcode 9.3";
			developmentRegion = en;
			hasScannedForEncodings = 0;
			knownRegions = (
				en,
				Base,
			);
			mainGroup = D39C8899267942DA0087FEA8;
			packageReferences = (
				D39B5EFD268A0516003F097E /* XCRemoteSwiftPackageReference "firebase-ios-sdk" */,
				D3ACB6DC269DE17D00826947 /* XCRemoteSwiftPackageReference "SDWebImageSwiftUI" */,
			);
			productRefGroup = D39C88A3267942DA0087FEA8 /* Products */;
			projectDirPath = "";
			projectRoot = "";
			targets = (
				D39C88A1267942DA0087FEA8 /* RescuePets */,
				D39C88B2267942DB0087FEA8 /* RescuePetsTests */,
				D39C88BD267942DC0087FEA8 /* RescuePetsUITests */,
			);
		};
/* End PBXProject section */

/* Begin PBXResourcesBuildPhase section */
		D39C88A0267942DA0087FEA8 /* Resources */ = {
			isa = PBXResourcesBuildPhase;
			buildActionMask = 2147483647;
			files = (
				D39C88AD267942DB0087FEA8 /* Preview Assets.xcassets in Resources */,
				D39C88AA267942DB0087FEA8 /* Assets.xcassets in Resources */,
				D39B5EFC268A0251003F097E /* GoogleService-Info.plist in Resources */,
			);
			runOnlyForDeploymentPostprocessing = 0;
		};
		D39C88B1267942DB0087FEA8 /* Resources */ = {
			isa = PBXResourcesBuildPhase;
			buildActionMask = 2147483647;
			files = (
			);
			runOnlyForDeploymentPostprocessing = 0;
		};
		D39C88BC267942DC0087FEA8 /* Resources */ = {
			isa = PBXResourcesBuildPhase;
			buildActionMask = 2147483647;
			files = (
			);
			runOnlyForDeploymentPostprocessing = 0;
		};
/* End PBXResourcesBuildPhase section */

/* Begin PBXSourcesBuildPhase section */
		D39C889E267942DA0087FEA8 /* Sources */ = {
			isa = PBXSourcesBuildPhase;
			buildActionMask = 2147483647;
			files = (
				D306D3EE26EB95E500D3290A /* CommentViewModel.swift in Sources */,
				D3A5830826C315950041E2E3 /* CustomAlertView.swift in Sources */,
				D3DC773926EA4EA500310AFB /* Comment.swift in Sources */,
				D34EC19F26BD97AE002A9D20 /* ChangeEmailView.swift in Sources */,
				D37FB40A26C70DAC00499E93 /* MessagesView.swift in Sources */,
				D30BCACA267BF28600D10BEE /* ImagePicker.swift in Sources */,
				D3FFF238267A5F2100F4A278 /* TextFieldCustom.swift in Sources */,
				D38C68CF26E69AAA0037DA55 /* StoryCell.swift in Sources */,
				D3B4ABBA26D597640052A620 /* ChatRepository.swift in Sources */,
				D3FFF232267A2F6C00F4A278 /* Authentication.swift in Sources */,
				D35A82B226CD6399004FF7DC /* MessageCellViewModel.swift in Sources */,
				D3CA01A627231AEB00A288A3 /* TopBarItemsPreferenceKey.swift in Sources */,
				D32B53FB26827F04001C66F8 /* Story.swift in Sources */,
				D32B53F126822996001C66F8 /* MessageCellView.swift in Sources */,
				D3A6EF38268D0866000D3636 /* SignViewModel.swift in Sources */,
				D32B53EF26822986001C66F8 /* StoryCellView.swift in Sources */,
				D3F8E87C2695D02E00C3DB7F /* PickerAnimal.swift in Sources */,
				D3D2D50E26FD1C61005C1F9F /* ListStoriesView.swift in Sources */,
				D3C23EA226AC767000E46675 /* StoryDataRepository.swift in Sources */,
				D3ADB35E27075B9600741CA8 /* StoriesListView.swift in Sources */,
				D3CA01AA27231CFA00A288A3 /* AppTopBarView.swift in Sources */,
				D3299E1126D4439700E025B5 /* Chat.swift in Sources */,
				D3918F78267D36ED00DC4BA8 /* BackShapeView.swift in Sources */,
				D3C45BFD2684EA1E00DFA358 /* ChatMessagesView.swift in Sources */,
				D3DC773726EA476100310AFB /* CommentView.swift in Sources */,
				D3D3CE87268F93DF00E1FE84 /* SignInView.swift in Sources */,
				D3C45BF92684C4EF00DFA358 /* EditProfileView.swift in Sources */,
				D390134D26E16A8C00A626D3 /* DBInteract.swift in Sources */,
				D3D3CE89268F93F100E1FE84 /* RegisterView.swift in Sources */,
				D3C45BFF2684ED1200DFA358 /* ActiveDetailView.swift in Sources */,
				D332C780267AA66000F22655 /* HomeMapView.swift in Sources */,
				D32B53F426825B32001C66F8 /* DesignTypo.swift in Sources */,
				D32B53F926827BC8001C66F8 /* User.swift in Sources */,
				D3A4F20426B04EF30082D01E /* DraggableView.swift in Sources */,
				D3299E1326D4496200E025B5 /* MenuPopUp.swift in Sources */,
				D37FB40C26C71A0700499E93 /* MessageRepository.swift in Sources */,
				D331C9E526F3A8D5003CE106 /* StoryHelpersView.swift in Sources */,
				D339A3EE269F76FE0041F4B0 /* SelectorSection.swift in Sources */,
				D331C9E326F3A5AC003CE106 /* CounterHelpers.swift in Sources */,
				D306D3F026EB95F500D3290A /* CommentCellViewModel.swift in Sources */,
				D32667532728B2A500D969FD /* Place.swift in Sources */,
				D328A3FA27036ACA001754CC /* CarrouselPictures.swift in Sources */,
				D371B01F26A082F80097F8F2 /* MapActiveView.swift in Sources */,
				D34BA82C2680C5860084097F /* CreateStoryView.swift in Sources */,
				D3FFF236267A58CF00F4A278 /* DesignColors.swift in Sources */,
				D37F986326D981C500FFAE14 /* SkeletonView.swift in Sources */,
				D3C45BFB2684C8ED00DFA358 /* ChangePasswordView.swift in Sources */,
				D3A6EF36268CFF03000D3636 /* ChatCellInvited.swift in Sources */,
				D37FB40426C439C100499E93 /* HelpersExtensions.swift in Sources */,
				D320DB7B26AB77560003BEE1 /* UserCellViewModel.swift in Sources */,
				D30945532683D79D00353B20 /* NotifyView.swift in Sources */,
				D3CA01962722F61600A288A3 /* TabBarItem.swift in Sources */,
				D32B53F62682615B001C66F8 /* DesignButtons.swift in Sources */,
				D3C45C0126850C6900DFA358 /* ChatCellOwner.swift in Sources */,
				D357238326EAAFDB00D319B2 /* CommentCellView.swift in Sources */,
				D320DB7926AB73C90003BEE1 /* UserViewModel.swift in Sources */,
				D3DCF4AF26A2198F001C9BC2 /* MapInfoView.swift in Sources */,
				D37FB40826C568FB00499E93 /* CustomHeader.swift in Sources */,
				D3CA019C2722F6BB00A288A3 /* CustomTabBarContainerView.swift in Sources */,
				D332C77E267AA12200F22655 /* DesignImages.swift in Sources */,
				D3CA01A827231BA600A288A3 /* CustomTopBarContainerView.swift in Sources */,
				D34A41DA26CC4EB500C8A61F /* ChatTextField.swift in Sources */,
				D3CA01A2272317DC00A288A3 /* TopBarItem.swift in Sources */,
				D346E2C226F0E9DA008C6F25 /* TabBar.swift in Sources */,
				D3B4ABBC26D5984D0052A620 /* ChatViewModel.swift in Sources */,
				D38796072695E763000B19FF /* DropDownView.swift in Sources */,
				D316C94426F8CE9A00063150 /* DesignMeasures.swift in Sources */,
				D34A41DC26CC4F4300C8A61F /* StoryProgress.swift in Sources */,
				D34BA8302680DE330084097F /* TextView.swift in Sources */,
				D332C789267AAA0600F22655 /* LocationManager.swift in Sources */,
				D3BA7DC526F53418004FB156 /* HelperCellView.swift in Sources */,
				D332C783267AA6E500F22655 /* MapView.swift in Sources */,
				D3CA019E2722F6F400A288A3 /* AppTabBarView.swift in Sources */,
				D39C88A8267942DA0087FEA8 /* ContentView.swift in Sources */,
				D362674726AEF1D700865E74 /* StoryCellViewModel.swift in Sources */,
				D3C23E9E26AC73EC00E46675 /* EmptyStateHome.swift in Sources */,
				D3CA01A4272318A000A288A3 /* CustomTopBarView.swift in Sources */,
				D32B53FD26827FF8001C66F8 /* Message.swift in Sources */,
				D3C23EA026AC744A00E46675 /* ImageSelected.swift in Sources */,
				D359F7A3267CD267008C9933 /* ProfileView.swift in Sources */,
				D387960926961520000B19FF /* LocationInfoView.swift in Sources */,
				D39C88A6267942DA0087FEA8 /* RescuePetsApp.swift in Sources */,
				D3DC773B26EA527C00310AFB /* CommentRepository.swift in Sources */,
				D3CA019A2722F68600A288A3 /* TabBarItemsPreferenceKey.swift in Sources */,
				D320DB7726AB705C0003BEE1 /* UserRepository.swift in Sources */,
				D362674526AEF14100865E74 /* StoryViewModel.swift in Sources */,
				D35A82B426CD6753004FF7DC /* MessageViewModel.swift in Sources */,
				D3C45C03268526D300DFA358 /* KeyboardHandler.swift in Sources */,
				D3CA01982722F64500A288A3 /* CustomTabBarView.swift in Sources */,
				D3B4ABBE26D598AB0052A620 /* ChatCellViewModel.swift in Sources */,
				D37FB40626C557F300499E93 /* HeaderView.swift in Sources */,
			);
			runOnlyForDeploymentPostprocessing = 0;
		};
		D39C88AF267942DB0087FEA8 /* Sources */ = {
			isa = PBXSourcesBuildPhase;
			buildActionMask = 2147483647;
			files = (
				D39C88B8267942DB0087FEA8 /* RescuePetsTests.swift in Sources */,
			);
			runOnlyForDeploymentPostprocessing = 0;
		};
		D39C88BA267942DC0087FEA8 /* Sources */ = {
			isa = PBXSourcesBuildPhase;
			buildActionMask = 2147483647;
			files = (
				D39C88C3267942DC0087FEA8 /* RescuePetsUITests.swift in Sources */,
			);
			runOnlyForDeploymentPostprocessing = 0;
		};
/* End PBXSourcesBuildPhase section */

/* Begin PBXTargetDependency section */
		D39C88B5267942DB0087FEA8 /* PBXTargetDependency */ = {
			isa = PBXTargetDependency;
			target = D39C88A1267942DA0087FEA8 /* RescuePets */;
			targetProxy = D39C88B4267942DB0087FEA8 /* PBXContainerItemProxy */;
		};
		D39C88C0267942DC0087FEA8 /* PBXTargetDependency */ = {
			isa = PBXTargetDependency;
			target = D39C88A1267942DA0087FEA8 /* RescuePets */;
			targetProxy = D39C88BF267942DC0087FEA8 /* PBXContainerItemProxy */;
		};
/* End PBXTargetDependency section */

/* Begin XCBuildConfiguration section */
		D39C88C5267942DC0087FEA8 /* Debug */ = {
			isa = XCBuildConfiguration;
			buildSettings = {
				ALWAYS_SEARCH_USER_PATHS = NO;
				CLANG_ANALYZER_NONNULL = YES;
				CLANG_ANALYZER_NUMBER_OBJECT_CONVERSION = YES_AGGRESSIVE;
				CLANG_CXX_LANGUAGE_STANDARD = "gnu++14";
				CLANG_CXX_LIBRARY = "libc++";
				CLANG_ENABLE_MODULES = YES;
				CLANG_ENABLE_OBJC_ARC = YES;
				CLANG_ENABLE_OBJC_WEAK = YES;
				CLANG_WARN_BLOCK_CAPTURE_AUTORELEASING = YES;
				CLANG_WARN_BOOL_CONVERSION = YES;
				CLANG_WARN_COMMA = YES;
				CLANG_WARN_CONSTANT_CONVERSION = YES;
				CLANG_WARN_DEPRECATED_OBJC_IMPLEMENTATIONS = YES;
				CLANG_WARN_DIRECT_OBJC_ISA_USAGE = YES_ERROR;
				CLANG_WARN_DOCUMENTATION_COMMENTS = YES;
				CLANG_WARN_EMPTY_BODY = YES;
				CLANG_WARN_ENUM_CONVERSION = YES;
				CLANG_WARN_INFINITE_RECURSION = YES;
				CLANG_WARN_INT_CONVERSION = YES;
				CLANG_WARN_NON_LITERAL_NULL_CONVERSION = YES;
				CLANG_WARN_OBJC_IMPLICIT_RETAIN_SELF = YES;
				CLANG_WARN_OBJC_LITERAL_CONVERSION = YES;
				CLANG_WARN_OBJC_ROOT_CLASS = YES_ERROR;
				CLANG_WARN_QUOTED_INCLUDE_IN_FRAMEWORK_HEADER = YES;
				CLANG_WARN_RANGE_LOOP_ANALYSIS = YES;
				CLANG_WARN_STRICT_PROTOTYPES = YES;
				CLANG_WARN_SUSPICIOUS_MOVE = YES;
				CLANG_WARN_UNGUARDED_AVAILABILITY = YES_AGGRESSIVE;
				CLANG_WARN_UNREACHABLE_CODE = YES;
				CLANG_WARN__DUPLICATE_METHOD_MATCH = YES;
				COPY_PHASE_STRIP = NO;
				DEBUG_INFORMATION_FORMAT = dwarf;
				ENABLE_STRICT_OBJC_MSGSEND = YES;
				ENABLE_TESTABILITY = YES;
				GCC_C_LANGUAGE_STANDARD = gnu11;
				GCC_DYNAMIC_NO_PIC = NO;
				GCC_NO_COMMON_BLOCKS = YES;
				GCC_OPTIMIZATION_LEVEL = 0;
				GCC_PREPROCESSOR_DEFINITIONS = (
					"DEBUG=1",
					"$(inherited)",
				);
				GCC_WARN_64_TO_32_BIT_CONVERSION = YES;
				GCC_WARN_ABOUT_RETURN_TYPE = YES_ERROR;
				GCC_WARN_UNDECLARED_SELECTOR = YES;
				GCC_WARN_UNINITIALIZED_AUTOS = YES_AGGRESSIVE;
				GCC_WARN_UNUSED_FUNCTION = YES;
				GCC_WARN_UNUSED_VARIABLE = YES;
				IPHONEOS_DEPLOYMENT_TARGET = 14.3;
				MTL_ENABLE_DEBUG_INFO = INCLUDE_SOURCE;
				MTL_FAST_MATH = YES;
				ONLY_ACTIVE_ARCH = YES;
				OTHER_LDFLAGS = "-ObjC";
				SDKROOT = iphoneos;
				SWIFT_ACTIVE_COMPILATION_CONDITIONS = DEBUG;
				SWIFT_COMPILATION_MODE = wholemodule;
				SWIFT_OPTIMIZATION_LEVEL = "-Onone";
				SWIFT_VERSION = 5.0;
			};
			name = Debug;
		};
		D39C88C6267942DC0087FEA8 /* Release */ = {
			isa = XCBuildConfiguration;
			buildSettings = {
				ALWAYS_SEARCH_USER_PATHS = NO;
				CLANG_ANALYZER_NONNULL = YES;
				CLANG_ANALYZER_NUMBER_OBJECT_CONVERSION = YES_AGGRESSIVE;
				CLANG_CXX_LANGUAGE_STANDARD = "gnu++14";
				CLANG_CXX_LIBRARY = "libc++";
				CLANG_ENABLE_MODULES = YES;
				CLANG_ENABLE_OBJC_ARC = YES;
				CLANG_ENABLE_OBJC_WEAK = YES;
				CLANG_WARN_BLOCK_CAPTURE_AUTORELEASING = YES;
				CLANG_WARN_BOOL_CONVERSION = YES;
				CLANG_WARN_COMMA = YES;
				CLANG_WARN_CONSTANT_CONVERSION = YES;
				CLANG_WARN_DEPRECATED_OBJC_IMPLEMENTATIONS = YES;
				CLANG_WARN_DIRECT_OBJC_ISA_USAGE = YES_ERROR;
				CLANG_WARN_DOCUMENTATION_COMMENTS = YES;
				CLANG_WARN_EMPTY_BODY = YES;
				CLANG_WARN_ENUM_CONVERSION = YES;
				CLANG_WARN_INFINITE_RECURSION = YES;
				CLANG_WARN_INT_CONVERSION = YES;
				CLANG_WARN_NON_LITERAL_NULL_CONVERSION = YES;
				CLANG_WARN_OBJC_IMPLICIT_RETAIN_SELF = YES;
				CLANG_WARN_OBJC_LITERAL_CONVERSION = YES;
				CLANG_WARN_OBJC_ROOT_CLASS = YES_ERROR;
				CLANG_WARN_QUOTED_INCLUDE_IN_FRAMEWORK_HEADER = YES;
				CLANG_WARN_RANGE_LOOP_ANALYSIS = YES;
				CLANG_WARN_STRICT_PROTOTYPES = YES;
				CLANG_WARN_SUSPICIOUS_MOVE = YES;
				CLANG_WARN_UNGUARDED_AVAILABILITY = YES_AGGRESSIVE;
				CLANG_WARN_UNREACHABLE_CODE = YES;
				CLANG_WARN__DUPLICATE_METHOD_MATCH = YES;
				COPY_PHASE_STRIP = NO;
				DEBUG_INFORMATION_FORMAT = "dwarf-with-dsym";
				ENABLE_NS_ASSERTIONS = NO;
				ENABLE_STRICT_OBJC_MSGSEND = YES;
				GCC_C_LANGUAGE_STANDARD = gnu11;
				GCC_NO_COMMON_BLOCKS = YES;
				GCC_WARN_64_TO_32_BIT_CONVERSION = YES;
				GCC_WARN_ABOUT_RETURN_TYPE = YES_ERROR;
				GCC_WARN_UNDECLARED_SELECTOR = YES;
				GCC_WARN_UNINITIALIZED_AUTOS = YES_AGGRESSIVE;
				GCC_WARN_UNUSED_FUNCTION = YES;
				GCC_WARN_UNUSED_VARIABLE = YES;
				IPHONEOS_DEPLOYMENT_TARGET = 14.3;
				MTL_ENABLE_DEBUG_INFO = NO;
				MTL_FAST_MATH = YES;
				OTHER_LDFLAGS = "-ObjC";
				SDKROOT = iphoneos;
				SWIFT_COMPILATION_MODE = wholemodule;
				SWIFT_OPTIMIZATION_LEVEL = "-O";
				SWIFT_VERSION = 5.0;
				VALIDATE_PRODUCT = YES;
			};
			name = Release;
		};
		D39C88C8267942DC0087FEA8 /* Debug */ = {
			isa = XCBuildConfiguration;
			buildSettings = {
				ASSETCATALOG_COMPILER_APPICON_NAME = AppIcon;
				ASSETCATALOG_COMPILER_GLOBAL_ACCENT_COLOR_NAME = AccentColor;
				CODE_SIGN_STYLE = Automatic;
				DEVELOPMENT_ASSET_PATHS = "\"RescuePets/Preview Content\"";
				DEVELOPMENT_TEAM = 24Q6J2H875;
				ENABLE_PREVIEWS = YES;
				INFOPLIST_FILE = RescuePets/Info.plist;
				IPHONEOS_DEPLOYMENT_TARGET = 14.3;
				LD_RUNPATH_SEARCH_PATHS = (
					"$(inherited)",
					"@executable_path/Frameworks",
				);
				PRODUCT_BUNDLE_IDENTIFIER = com.MichaelConchado.RescuePets;
				PRODUCT_NAME = "$(TARGET_NAME)";
				SWIFT_VERSION = 5.0;
				TARGETED_DEVICE_FAMILY = 1;
			};
			name = Debug;
		};
		D39C88C9267942DC0087FEA8 /* Release */ = {
			isa = XCBuildConfiguration;
			buildSettings = {
				ASSETCATALOG_COMPILER_APPICON_NAME = AppIcon;
				ASSETCATALOG_COMPILER_GLOBAL_ACCENT_COLOR_NAME = AccentColor;
				CODE_SIGN_STYLE = Automatic;
				DEVELOPMENT_ASSET_PATHS = "\"RescuePets/Preview Content\"";
				DEVELOPMENT_TEAM = 24Q6J2H875;
				ENABLE_PREVIEWS = YES;
				INFOPLIST_FILE = RescuePets/Info.plist;
				IPHONEOS_DEPLOYMENT_TARGET = 14.3;
				LD_RUNPATH_SEARCH_PATHS = (
					"$(inherited)",
					"@executable_path/Frameworks",
				);
				PRODUCT_BUNDLE_IDENTIFIER = com.MichaelConchado.RescuePets;
				PRODUCT_NAME = "$(TARGET_NAME)";
				SWIFT_VERSION = 5.0;
				TARGETED_DEVICE_FAMILY = 1;
			};
			name = Release;
		};
		D39C88CB267942DC0087FEA8 /* Debug */ = {
			isa = XCBuildConfiguration;
			buildSettings = {
				ALWAYS_EMBED_SWIFT_STANDARD_LIBRARIES = YES;
				BUNDLE_LOADER = "$(TEST_HOST)";
				CODE_SIGN_STYLE = Automatic;
				DEVELOPMENT_TEAM = 24Q6J2H875;
				INFOPLIST_FILE = RescuePetsTests/Info.plist;
				IPHONEOS_DEPLOYMENT_TARGET = 14.3;
				LD_RUNPATH_SEARCH_PATHS = (
					"$(inherited)",
					"@executable_path/Frameworks",
					"@loader_path/Frameworks",
				);
				PRODUCT_BUNDLE_IDENTIFIER = com.MichaelConchado.RescuePetsTests;
				PRODUCT_NAME = "$(TARGET_NAME)";
				SWIFT_VERSION = 5.0;
				TARGETED_DEVICE_FAMILY = "1,2";
				TEST_HOST = "$(BUILT_PRODUCTS_DIR)/RescuePets.app/RescuePets";
			};
			name = Debug;
		};
		D39C88CC267942DC0087FEA8 /* Release */ = {
			isa = XCBuildConfiguration;
			buildSettings = {
				ALWAYS_EMBED_SWIFT_STANDARD_LIBRARIES = YES;
				BUNDLE_LOADER = "$(TEST_HOST)";
				CODE_SIGN_STYLE = Automatic;
				DEVELOPMENT_TEAM = 24Q6J2H875;
				INFOPLIST_FILE = RescuePetsTests/Info.plist;
				IPHONEOS_DEPLOYMENT_TARGET = 14.3;
				LD_RUNPATH_SEARCH_PATHS = (
					"$(inherited)",
					"@executable_path/Frameworks",
					"@loader_path/Frameworks",
				);
				PRODUCT_BUNDLE_IDENTIFIER = com.MichaelConchado.RescuePetsTests;
				PRODUCT_NAME = "$(TARGET_NAME)";
				SWIFT_VERSION = 5.0;
				TARGETED_DEVICE_FAMILY = "1,2";
				TEST_HOST = "$(BUILT_PRODUCTS_DIR)/RescuePets.app/RescuePets";
			};
			name = Release;
		};
		D39C88CE267942DC0087FEA8 /* Debug */ = {
			isa = XCBuildConfiguration;
			buildSettings = {
				ALWAYS_EMBED_SWIFT_STANDARD_LIBRARIES = YES;
				CODE_SIGN_STYLE = Automatic;
				DEVELOPMENT_TEAM = 24Q6J2H875;
				INFOPLIST_FILE = RescuePetsUITests/Info.plist;
				LD_RUNPATH_SEARCH_PATHS = (
					"$(inherited)",
					"@executable_path/Frameworks",
					"@loader_path/Frameworks",
				);
				PRODUCT_BUNDLE_IDENTIFIER = com.MichaelConchado.RescuePetsUITests;
				PRODUCT_NAME = "$(TARGET_NAME)";
				SWIFT_VERSION = 5.0;
				TARGETED_DEVICE_FAMILY = 1;
				TEST_TARGET_NAME = RescuePets;
			};
			name = Debug;
		};
		D39C88CF267942DC0087FEA8 /* Release */ = {
			isa = XCBuildConfiguration;
			buildSettings = {
				ALWAYS_EMBED_SWIFT_STANDARD_LIBRARIES = YES;
				CODE_SIGN_STYLE = Automatic;
				DEVELOPMENT_TEAM = 24Q6J2H875;
				INFOPLIST_FILE = RescuePetsUITests/Info.plist;
				LD_RUNPATH_SEARCH_PATHS = (
					"$(inherited)",
					"@executable_path/Frameworks",
					"@loader_path/Frameworks",
				);
				PRODUCT_BUNDLE_IDENTIFIER = com.MichaelConchado.RescuePetsUITests;
				PRODUCT_NAME = "$(TARGET_NAME)";
				SWIFT_VERSION = 5.0;
				TARGETED_DEVICE_FAMILY = 1;
				TEST_TARGET_NAME = RescuePets;
			};
			name = Release;
		};
/* End XCBuildConfiguration section */

/* Begin XCConfigurationList section */
		D39C889D267942DA0087FEA8 /* Build configuration list for PBXProject "RescuePets" */ = {
			isa = XCConfigurationList;
			buildConfigurations = (
				D39C88C5267942DC0087FEA8 /* Debug */,
				D39C88C6267942DC0087FEA8 /* Release */,
			);
			defaultConfigurationIsVisible = 0;
			defaultConfigurationName = Release;
		};
		D39C88C7267942DC0087FEA8 /* Build configuration list for PBXNativeTarget "RescuePets" */ = {
			isa = XCConfigurationList;
			buildConfigurations = (
				D39C88C8267942DC0087FEA8 /* Debug */,
				D39C88C9267942DC0087FEA8 /* Release */,
			);
			defaultConfigurationIsVisible = 0;
			defaultConfigurationName = Release;
		};
		D39C88CA267942DC0087FEA8 /* Build configuration list for PBXNativeTarget "RescuePetsTests" */ = {
			isa = XCConfigurationList;
			buildConfigurations = (
				D39C88CB267942DC0087FEA8 /* Debug */,
				D39C88CC267942DC0087FEA8 /* Release */,
			);
			defaultConfigurationIsVisible = 0;
			defaultConfigurationName = Release;
		};
		D39C88CD267942DC0087FEA8 /* Build configuration list for PBXNativeTarget "RescuePetsUITests" */ = {
			isa = XCConfigurationList;
			buildConfigurations = (
				D39C88CE267942DC0087FEA8 /* Debug */,
				D39C88CF267942DC0087FEA8 /* Release */,
			);
			defaultConfigurationIsVisible = 0;
			defaultConfigurationName = Release;
		};
/* End XCConfigurationList section */

/* Begin XCRemoteSwiftPackageReference section */
		D39B5EFD268A0516003F097E /* XCRemoteSwiftPackageReference "firebase-ios-sdk" */ = {
			isa = XCRemoteSwiftPackageReference;
			repositoryURL = "https://github.com/firebase/firebase-ios-sdk.git";
			requirement = {
				kind = upToNextMajorVersion;
				minimumVersion = 8.2.0;
			};
		};
		D3ACB6DC269DE17D00826947 /* XCRemoteSwiftPackageReference "SDWebImageSwiftUI" */ = {
			isa = XCRemoteSwiftPackageReference;
			repositoryURL = "https://github.com/SDWebImage/SDWebImageSwiftUI";
			requirement = {
				kind = upToNextMajorVersion;
				minimumVersion = 2.0.2;
			};
		};
/* End XCRemoteSwiftPackageReference section */

/* Begin XCSwiftPackageProductDependency section */
		D39B5EFE268A0516003F097E /* FirebaseFirestore */ = {
			isa = XCSwiftPackageProductDependency;
			package = D39B5EFD268A0516003F097E /* XCRemoteSwiftPackageReference "firebase-ios-sdk" */;
			productName = FirebaseFirestore;
		};
		D39B5F00268A0516003F097E /* FirebaseFirestoreSwift-Beta */ = {
			isa = XCSwiftPackageProductDependency;
			package = D39B5EFD268A0516003F097E /* XCRemoteSwiftPackageReference "firebase-ios-sdk" */;
			productName = "FirebaseFirestoreSwift-Beta";
		};
		D39B5F02268A0516003F097E /* FirebaseAnalyticsSwift-Beta */ = {
			isa = XCSwiftPackageProductDependency;
			package = D39B5EFD268A0516003F097E /* XCRemoteSwiftPackageReference "firebase-ios-sdk" */;
			productName = "FirebaseAnalyticsSwift-Beta";
		};
		D39B5F04268A0516003F097E /* FirebaseAnalytics */ = {
			isa = XCSwiftPackageProductDependency;
			package = D39B5EFD268A0516003F097E /* XCRemoteSwiftPackageReference "firebase-ios-sdk" */;
			productName = FirebaseAnalytics;
		};
		D39B5F06268A0516003F097E /* FirebaseStorageSwift-Beta */ = {
			isa = XCSwiftPackageProductDependency;
			package = D39B5EFD268A0516003F097E /* XCRemoteSwiftPackageReference "firebase-ios-sdk" */;
			productName = "FirebaseStorageSwift-Beta";
		};
		D39B5F08268A0516003F097E /* FirebaseStorage */ = {
			isa = XCSwiftPackageProductDependency;
			package = D39B5EFD268A0516003F097E /* XCRemoteSwiftPackageReference "firebase-ios-sdk" */;
			productName = FirebaseStorage;
		};
		D39B5F0A268A0516003F097E /* FirebaseAuth */ = {
			isa = XCSwiftPackageProductDependency;
			package = D39B5EFD268A0516003F097E /* XCRemoteSwiftPackageReference "firebase-ios-sdk" */;
			productName = FirebaseAuth;
		};
		D3ACB6DD269DE17D00826947 /* SDWebImageSwiftUI */ = {
			isa = XCSwiftPackageProductDependency;
			package = D3ACB6DC269DE17D00826947 /* XCRemoteSwiftPackageReference "SDWebImageSwiftUI" */;
			productName = SDWebImageSwiftUI;
		};
/* End XCSwiftPackageProductDependency section */
	};
	rootObject = D39C889A267942DA0087FEA8 /* Project object */;
}
